
Microsoft Visual Studio Solution File, Format Version 12.00
# Visual Studio Version 17
VisualStudioVersion = 17.0.31903.59
MinimumVisualStudioVersion = 10.0.40219.1
Project("{FAE04EC0-301F-11D3-BF4B-00C04F79EFBC}") = "MedicHp.Domain", "MedicHp.Domain\MedicHp.Domain.csproj", "{F3201087-28D8-4193-980B-D7551EDED101}"
EndProject
Project("{FAE04EC0-301F-11D3-BF4B-00C04F79EFBC}") = "MedicHp.Application", "MedicHp.Application\MedicHp.Application.csproj", "{03C27D9B-88F0-4495-B146-E618EF3C8FBC}"
EndProject
Project("{FAE04EC0-301F-11D3-BF4B-00C04F79EFBC}") = "MedicHp.Infrastructure", "MedicHp.Infrastructure\MedicHp.Infrastructure.csproj", "{3A1C5C8D-A72B-4FED-8472-696FD20BF32E}"
EndProject
Project("{FAE04EC0-301F-11D3-BF4B-00C04F79EFBC}") = "MedicHp.API", "MedicHp.API\MedicHp.API.csproj", "{6AD5C895-DFB2-4C8D-808E-3D78DC02B758}"
EndProject
Project("{FAE04EC0-301F-11D3-BF4B-00C04F79EFBC}") = "MedicHp.Persistence", "MedicHp.Persistence\MedicHp.Persistence.csproj", "{4C07DEC6-4BA1-440C-B510-9A5B39392685}"
EndProject
Project("{FAE04EC0-301F-11D3-BF4B-00C04F79EFBC}") = "MedicHp.Shared", "MedicHp.Shared\MedicHp.Shared.csproj", "{3BE4EDE2-233B-4C80-A482-444D53839002}"
EndProject
Project("{2150E333-8FDC-42A3-9474-1A3956D46DE8}") = "tests", "tests", "{0AB3BF05-4346-4AA6-1389-037BE0695223}"
EndProject
Project("{FAE04EC0-301F-11D3-BF4B-00C04F79EFBC}") = "MedicHp.WhatsApp.Tests", "tests\MedicHp.WhatsApp.Tests\MedicHp.WhatsApp.Tests.csproj", "{8E25BAB6-A0D0-404D-A9BE-571D898989C4}"
EndProject
Project("{FAE04EC0-301F-11D3-BF4B-00C04F79EFBC}") = "MedicHp.Application.UnitTests", "tests\MedicHp.Application.UnitTests\MedicHp.Application.UnitTests.csproj", "{946DC0F9-9131-49FA-9B17-6BD976668FB5}"
EndProject
Global
	GlobalSection(SolutionConfigurationPlatforms) = preSolution
		Debug|Any CPU = Debug|Any CPU
		Debug|x64 = Debug|x64
		Debug|x86 = Debug|x86
		Release|Any CPU = Release|Any CPU
		Release|x64 = Release|x64
		Release|x86 = Release|x86
	EndGlobalSection
	GlobalSection(ProjectConfigurationPlatforms) = postSolution
		{F3201087-28D8-4193-980B-D7551EDED101}.Debug|Any CPU.ActiveCfg = Debug|Any CPU
		{F3201087-28D8-4193-980B-D7551EDED101}.Debug|Any CPU.Build.0 = Debug|Any CPU
		{F3201087-28D8-4193-980B-D7551EDED101}.Debug|x64.ActiveCfg = Debug|Any CPU
		{F3201087-28D8-4193-980B-D7551EDED101}.Debug|x64.Build.0 = Debug|Any CPU
		{F3201087-28D8-4193-980B-D7551EDED101}.Debug|x86.ActiveCfg = Debug|Any CPU
		{F3201087-28D8-4193-980B-D7551EDED101}.Debug|x86.Build.0 = Debug|Any CPU
		{F3201087-28D8-4193-980B-D7551EDED101}.Release|Any CPU.ActiveCfg = Release|Any CPU
		{F3201087-28D8-4193-980B-D7551EDED101}.Release|Any CPU.Build.0 = Release|Any CPU
		{F3201087-28D8-4193-980B-D7551EDED101}.Release|x64.ActiveCfg = Release|Any CPU
		{F3201087-28D8-4193-980B-D7551EDED101}.Release|x64.Build.0 = Release|Any CPU
		{F3201087-28D8-4193-980B-D7551EDED101}.Release|x86.ActiveCfg = Release|Any CPU
		{F3201087-28D8-4193-980B-D7551EDED101}.Release|x86.Build.0 = Release|Any CPU
		{03C27D9B-88F0-4495-B146-E618EF3C8FBC}.Debug|Any CPU.ActiveCfg = Debug|Any CPU
		{03C27D9B-88F0-4495-B146-E618EF3C8FBC}.Debug|Any CPU.Build.0 = Debug|Any CPU
		{03C27D9B-88F0-4495-B146-E618EF3C8FBC}.Debug|x64.ActiveCfg = Debug|Any CPU
		{03C27D9B-88F0-4495-B146-E618EF3C8FBC}.Debug|x64.Build.0 = Debug|Any CPU
		{03C27D9B-88F0-4495-B146-E618EF3C8FBC}.Debug|x86.ActiveCfg = Debug|Any CPU
		{03C27D9B-88F0-4495-B146-E618EF3C8FBC}.Debug|x86.Build.0 = Debug|Any CPU
		{03C27D9B-88F0-4495-B146-E618EF3C8FBC}.Release|Any CPU.ActiveCfg = Release|Any CPU
		{03C27D9B-88F0-4495-B146-E618EF3C8FBC}.Release|Any CPU.Build.0 = Release|Any CPU
		{03C27D9B-88F0-4495-B146-E618EF3C8FBC}.Release|x64.ActiveCfg = Release|Any CPU
		{03C27D9B-88F0-4495-B146-E618EF3C8FBC}.Release|x64.Build.0 = Release|Any CPU
		{03C27D9B-88F0-4495-B146-E618EF3C8FBC}.Release|x86.ActiveCfg = Release|Any CPU
		{03C27D9B-88F0-4495-B146-E618EF3C8FBC}.Release|x86.Build.0 = Release|Any CPU
		{3A1C5C8D-A72B-4FED-8472-696FD20BF32E}.Debug|Any CPU.ActiveCfg = Debug|Any CPU
		{3A1C5C8D-A72B-4FED-8472-696FD20BF32E}.Debug|Any CPU.Build.0 = Debug|Any CPU
		{3A1C5C8D-A72B-4FED-8472-696FD20BF32E}.Debug|x64.ActiveCfg = Debug|Any CPU
		{3A1C5C8D-A72B-4FED-8472-696FD20BF32E}.Debug|x64.Build.0 = Debug|Any CPU
		{3A1C5C8D-A72B-4FED-8472-696FD20BF32E}.Debug|x86.ActiveCfg = Debug|Any CPU
		{3A1C5C8D-A72B-4FED-8472-696FD20BF32E}.Debug|x86.Build.0 = Debug|Any CPU
		{3A1C5C8D-A72B-4FED-8472-696FD20BF32E}.Release|Any CPU.ActiveCfg = Release|Any CPU
		{3A1C5C8D-A72B-4FED-8472-696FD20BF32E}.Release|Any CPU.Build.0 = Release|Any CPU
		{3A1C5C8D-A72B-4FED-8472-696FD20BF32E}.Release|x64.ActiveCfg = Release|Any CPU
		{3A1C5C8D-A72B-4FED-8472-696FD20BF32E}.Release|x64.Build.0 = Release|Any CPU
		{3A1C5C8D-A72B-4FED-8472-696FD20BF32E}.Release|x86.ActiveCfg = Release|Any CPU
		{3A1C5C8D-A72B-4FED-8472-696FD20BF32E}.Release|x86.Build.0 = Release|Any CPU
		{6AD5C895-DFB2-4C8D-808E-3D78DC02B758}.Debug|Any CPU.ActiveCfg = Debug|Any CPU
		{6AD5C895-DFB2-4C8D-808E-3D78DC02B758}.Debug|Any CPU.Build.0 = Debug|Any CPU
		{6AD5C895-DFB2-4C8D-808E-3D78DC02B758}.Debug|x64.ActiveCfg = Debug|Any CPU
		{6AD5C895-DFB2-4C8D-808E-3D78DC02B758}.Debug|x64.Build.0 = Debug|Any CPU
		{6AD5C895-DFB2-4C8D-808E-3D78DC02B758}.Debug|x86.ActiveCfg = Debug|Any CPU
		{6AD5C895-DFB2-4C8D-808E-3D78DC02B758}.Debug|x86.Build.0 = Debug|Any CPU
		{6AD5C895-DFB2-4C8D-808E-3D78DC02B758}.Release|Any CPU.ActiveCfg = Release|Any CPU
		{6AD5C895-DFB2-4C8D-808E-3D78DC02B758}.Release|Any CPU.Build.0 = Release|Any CPU
		{6AD5C895-DFB2-4C8D-808E-3D78DC02B758}.Release|x64.ActiveCfg = Release|Any CPU
		{6AD5C895-DFB2-4C8D-808E-3D78DC02B758}.Release|x64.Build.0 = Release|Any CPU
		{6AD5C895-DFB2-4C8D-808E-3D78DC02B758}.Release|x86.ActiveCfg = Release|Any CPU
		{6AD5C895-DFB2-4C8D-808E-3D78DC02B758}.Release|x86.Build.0 = Release|Any CPU
		{4C07DEC6-4BA1-440C-B510-9A5B39392685}.Debug|Any CPU.ActiveCfg = Debug|Any CPU
		{4C07DEC6-4BA1-440C-B510-9A5B39392685}.Debug|Any CPU.Build.0 = Debug|Any CPU
		{4C07DEC6-4BA1-440C-B510-9A5B39392685}.Debug|x64.ActiveCfg = Debug|Any CPU
		{4C07DEC6-4BA1-440C-B510-9A5B39392685}.Debug|x64.Build.0 = Debug|Any CPU
		{4C07DEC6-4BA1-440C-B510-9A5B39392685}.Debug|x86.ActiveCfg = Debug|Any CPU
		{4C07DEC6-4BA1-440C-B510-9A5B39392685}.Debug|x86.Build.0 = Debug|Any CPU
		{4C07DEC6-4BA1-440C-B510-9A5B39392685}.Release|Any CPU.ActiveCfg = Release|Any CPU
		{4C07DEC6-4BA1-440C-B510-9A5B39392685}.Release|Any CPU.Build.0 = Release|Any CPU
		{4C07DEC6-4BA1-440C-B510-9A5B39392685}.Release|x64.ActiveCfg = Release|Any CPU
		{4C07DEC6-4BA1-440C-B510-9A5B39392685}.Release|x64.Build.0 = Release|Any CPU
		{4C07DEC6-4BA1-440C-B510-9A5B39392685}.Release|x86.ActiveCfg = Release|Any CPU
		{4C07DEC6-4BA1-440C-B510-9A5B39392685}.Release|x86.Build.0 = Release|Any CPU
		{3BE4EDE2-233B-4C80-A482-444D53839002}.Debug|Any CPU.ActiveCfg = Debug|Any CPU
		{3BE4EDE2-233B-4C80-A482-444D53839002}.Debug|Any CPU.Build.0 = Debug|Any CPU
		{3BE4EDE2-233B-4C80-A482-444D53839002}.Debug|x64.ActiveCfg = Debug|Any CPU
		{3BE4EDE2-233B-4C80-A482-444D53839002}.Debug|x64.Build.0 = Debug|Any CPU
		{3BE4EDE2-233B-4C80-A482-444D53839002}.Debug|x86.ActiveCfg = Debug|Any CPU
		{3BE4EDE2-233B-4C80-A482-444D53839002}.Debug|x86.Build.0 = Debug|Any CPU
		{3BE4EDE2-233B-4C80-A482-444D53839002}.Release|Any CPU.ActiveCfg = Release|Any CPU
		{3BE4EDE2-233B-4C80-A482-444D53839002}.Release|Any CPU.Build.0 = Release|Any CPU
		{3BE4EDE2-233B-4C80-A482-444D53839002}.Release|x64.ActiveCfg = Release|Any CPU
		{3BE4EDE2-233B-4C80-A482-444D53839002}.Release|x64.Build.0 = Release|Any CPU
		{3BE4EDE2-233B-4C80-A482-444D53839002}.Release|x86.ActiveCfg = Release|Any CPU
		{3BE4EDE2-233B-4C80-A482-444D53839002}.Release|x86.Build.0 = Release|Any CPU
		{8E25BAB6-A0D0-404D-A9BE-571D898989C4}.Debug|Any CPU.ActiveCfg = Debug|Any CPU
		{8E25BAB6-A0D0-404D-A9BE-571D898989C4}.Debug|Any CPU.Build.0 = Debug|Any CPU
		{8E25BAB6-A0D0-404D-A9BE-571D898989C4}.Debug|x64.ActiveCfg = Debug|Any CPU
		{8E25BAB6-A0D0-404D-A9BE-571D898989C4}.Debug|x64.Build.0 = Debug|Any CPU
		{8E25BAB6-A0D0-404D-A9BE-571D898989C4}.Debug|x86.ActiveCfg = Debug|Any CPU
		{8E25BAB6-A0D0-404D-A9BE-571D898989C4}.Debug|x86.Build.0 = Debug|Any CPU
		{8E25BAB6-A0D0-404D-A9BE-571D898989C4}.Release|Any CPU.ActiveCfg = Release|Any CPU
		{8E25BAB6-A0D0-404D-A9BE-571D898989C4}.Release|Any CPU.Build.0 = Release|Any CPU
		{8E25BAB6-A0D0-404D-A9BE-571D898989C4}.Release|x64.ActiveCfg = Release|Any CPU
		{8E25BAB6-A0D0-404D-A9BE-571D898989C4}.Release|x64.Build.0 = Release|Any CPU
		{8E25BAB6-A0D0-404D-A9BE-571D898989C4}.Release|x86.ActiveCfg = Release|Any CPU
		{8E25BAB6-A0D0-404D-A9BE-571D898989C4}.Release|x86.Build.0 = Release|Any CPU
		{946DC0F9-9131-49FA-9B17-6BD976668FB5}.Debug|Any CPU.ActiveCfg = Debug|Any CPU
		{946DC0F9-9131-49FA-9B17-6BD976668FB5}.Debug|Any CPU.Build.0 = Debug|Any CPU
		{946DC0F9-9131-49FA-9B17-6BD976668FB5}.Debug|x64.ActiveCfg = Debug|Any CPU
		{946DC0F9-9131-49FA-9B17-6BD976668FB5}.Debug|x64.Build.0 = Debug|Any CPU
		{946DC0F9-9131-49FA-9B17-6BD976668FB5}.Debug|x86.ActiveCfg = Debug|Any CPU
		{946DC0F9-9131-49FA-9B17-6BD976668FB5}.Debug|x86.Build.0 = Debug|Any CPU
		{946DC0F9-9131-49FA-9B17-6BD976668FB5}.Release|Any CPU.ActiveCfg = Release|Any CPU
		{946DC0F9-9131-49FA-9B17-6BD976668FB5}.Release|Any CPU.Build.0 = Release|Any CPU
		{946DC0F9-9131-49FA-9B17-6BD976668FB5}.Release|x64.ActiveCfg = Release|Any CPU
		{946DC0F9-9131-49FA-9B17-6BD976668FB5}.Release|x64.Build.0 = Release|Any CPU
		{946DC0F9-9131-49FA-9B17-6BD976668FB5}.Release|x86.ActiveCfg = Release|Any CPU
		{946DC0F9-9131-49FA-9B17-6BD976668FB5}.Release|x86.Build.0 = Release|Any CPU
	EndGlobalSection
	GlobalSection(SolutionProperties) = preSolution
		HideSolutionNode = FALSE
	EndGlobalSection
	GlobalSection(NestedProjects) = preSolution
		{8E25BAB6-A0D0-404D-A9BE-571D898989C4} = {0AB3BF05-4346-4AA6-1389-037BE0695223}
		{946DC0F9-9131-49FA-9B17-6BD976668FB5} = {0AB3BF05-4346-4AA6-1389-037BE0695223}
	EndGlobalSection
EndGlobal
